{
  "name": "remote-sql-cursor",
  "version": "0.1.2",
  "lockfileVersion": 3,
  "requires": true,
  "packages": {
    "": {
      "name": "remote-sql-cursor",
      "version": "0.1.2",
      "devDependencies": {
        "@cloudflare/workers-types": "^4.20250610.0",
        "typescript": "^5.8.3"
      }
    },
    "node_modules/@cloudflare/workers-types": {
      "version": "4.20250610.0",
      "resolved": "https://registry.npmjs.org/@cloudflare/workers-types/-/workers-types-4.20250610.0.tgz",
      "integrity": "sha512-HxnUoey3QxCEfy07pUm7J42jBi9YPHq/hA3fw6JmOqYLHdviHI28OA8lup+2RUaHwDzh6q1DSfrBvvDqde645A==",
      "dev": true,
      "license": "MIT OR Apache-2.0"
    },
    "node_modules/typescript": {
      "version": "5.8.3",
      "resolved": "https://registry.npmjs.org/typescript/-/typescript-5.8.3.tgz",
      "integrity": "sha512-p1diW6TqL9L07nNxvRMM7hMMw4c5XOo/1ibL4aAIGmSAt9slTE1Xgw5KWuof2uTOvCg9BY7ZRi+GaF+7sfgPeQ==",
      "dev": true,
      "license": "Apache-2.0",
      "bin": {
        "tsc": "bin/tsc",
        "tsserver": "bin/tsserver"
      },
      "engines": {
        "node": ">=14.17"
      }
    }
  }
}
